<?xml version="1.0" encoding="utf-8"?>
<Project ToolsVersion="4.0" xmlns="http://schemas.microsoft.com/developer/msbuild/2003">
  <ItemGroup>
    <Filter Include="Source Files">
      <UniqueIdentifier>{4FC737F1-C7A5-4376-A066-2A32D752A2FF}</UniqueIdentifier>
      <Extensions>cpp;c;cc;cxx;c++;cppm;ixx;def;odl;idl;hpj;bat;asm;asmx</Extensions>
    </Filter>
    <Filter Include="Header Files">
      <UniqueIdentifier>{93995380-89BD-4b04-88EB-625FBE52EBFB}</UniqueIdentifier>
      <Extensions>h;hh;hpp;hxx;h++;hm;inl;inc;ipp;xsd</Extensions>
    </Filter>
    <Filter Include="Resource Files">
      <UniqueIdentifier>{67DA6AB6-F800-4c08-8B7A-83BB121AAD01}</UniqueIdentifier>
      <Extensions>rc;ico;cur;bmp;dlg;rc2;rct;bin;rgs;gif;jpg;jpeg;jpe;resx;tiff;tif;png;wav;mfcribbon-ms</Extensions>
    </Filter>
    <Filter Include="Third Parties">
      <UniqueIdentifier>{bf7bc9ee-3ba9-4c94-93b3-ca56c72d0a6c}</UniqueIdentifier>
    </Filter>
    <Filter Include="GLSL">
      <UniqueIdentifier>{52767e08-7406-4e6e-aded-b7b3048681ff}</UniqueIdentifier>
    </Filter>
    <Filter Include="openGL">
      <UniqueIdentifier>{3f39a3f8-7f0a-4bc0-9bb0-68c7990a0fc4}</UniqueIdentifier>
    </Filter>
  </ItemGroup>
  <ItemGroup>
    <None Include="README.md" />
    <None Include="res\opengl\shaders\f_basic_tex.glsl">
      <Filter>GLSL</Filter>
    </None>
    <None Include="res\opengl\shaders\f_red_color.glsl">
      <Filter>GLSL</Filter>
    </None>
    <None Include="res\opengl\shaders\f_uniform_color.glsl">
      <Filter>GLSL</Filter>
    </None>
    <None Include="res\opengl\shaders\v_basic_position.glsl">
      <Filter>GLSL</Filter>
    </None>
    <None Include="res\opengl\shaders\v_basic_tex_position.glsl">
      <Filter>GLSL</Filter>
    </None>
    <None Include="res\opengl\shaders\f_3d_mesh.glsl">
      <Filter>GLSL</Filter>
    </None>
    <None Include="res\opengl\shaders\v_3d_mesh.glsl">
      <Filter>GLSL</Filter>
    </None>
  </ItemGroup>
  <ItemGroup>
    <ClCompile Include="src\AsteroidsOpenGL.cpp">
      <Filter>Source Files</Filter>
    </ClCompile>
    <ClCompile Include="src\shared\data\Vector3d.cpp">
      <Filter>Source Files</Filter>
    </ClCompile>
    <ClCompile Include="src\shared\domain\LogicObject.cpp">
      <Filter>Source Files</Filter>
    </ClCompile>
    <ClCompile Include="src\shared\domain\RootObject.cpp">
      <Filter>Source Files</Filter>
    </ClCompile>
    <ClCompile Include="src\shared\domain\Object3d.cpp">
      <Filter>Source Files</Filter>
    </ClCompile>
    <ClCompile Include="src\shared\data\Vector4d.cpp">
      <Filter>Source Files</Filter>
    </ClCompile>
    <ClCompile Include="src\shared\util\UMaths.cpp">
      <Filter>Source Files</Filter>
    </ClCompile>
    <ClCompile Include="src\shared\util\UFile.cpp">
      <Filter>Source Files</Filter>
    </ClCompile>
    <ClCompile Include="src\shared\util\UColors.cpp">
      <Filter>Source Files</Filter>
    </ClCompile>
    <ClCompile Include="src\3rdparty\stb_image.cpp">
      <Filter>Third Parties</Filter>
    </ClCompile>
    <ClCompile Include="src\opengl\GLMesh.cpp">
      <Filter>openGL</Filter>
    </ClCompile>
    <ClCompile Include="src\opengl\GLRectangle.cpp">
      <Filter>openGL</Filter>
    </ClCompile>
    <ClCompile Include="src\opengl\GLShaders.cpp">
      <Filter>openGL</Filter>
    </ClCompile>
    <ClCompile Include="src\opengl\GLTexture.cpp">
      <Filter>openGL</Filter>
    </ClCompile>
    <ClCompile Include="src\opengl\GLTriangle.cpp">
      <Filter>openGL</Filter>
    </ClCompile>
  </ItemGroup>
  <ItemGroup>
    <ClInclude Include="src\shared\constants\window_constants.hpp">
      <Filter>Header Files</Filter>
    </ClInclude>
    <ClInclude Include="src\shared\data\Vector3d.h">
      <Filter>Header Files</Filter>
    </ClInclude>
    <ClInclude Include="src\shared\domain\LogicObject.h">
      <Filter>Header Files</Filter>
    </ClInclude>
    <ClInclude Include="src\shared\domain\RootObject.h">
      <Filter>Header Files</Filter>
    </ClInclude>
    <ClInclude Include="src\shared\domain\Object3d.h">
      <Filter>Header Files</Filter>
    </ClInclude>
    <ClInclude Include="src\shared\data\Vector4d.h">
      <Filter>Header Files</Filter>
    </ClInclude>
    <ClInclude Include="src\shared\util\UColors.h">
      <Filter>Header Files</Filter>
    </ClInclude>
    <ClInclude Include="src\shared\util\UFile.h">
      <Filter>Header Files</Filter>
    </ClInclude>
    <ClInclude Include="src\shared\util\UMaths.h">
      <Filter>Header Files</Filter>
    </ClInclude>
    <ClInclude Include="src\3rdparty\stb_image.h">
      <Filter>Third Parties</Filter>
    </ClInclude>
    <ClInclude Include="src\opengl\GLMesh.h">
      <Filter>openGL</Filter>
    </ClInclude>
    <ClInclude Include="src\opengl\GLRectangle.h">
      <Filter>openGL</Filter>
    </ClInclude>
    <ClInclude Include="src\opengl\GLShaders.h">
      <Filter>openGL</Filter>
    </ClInclude>
    <ClInclude Include="src\opengl\GLTexture.h">
      <Filter>openGL</Filter>
    </ClInclude>
    <ClInclude Include="src\opengl\GLTriangle.h">
      <Filter>openGL</Filter>
    </ClInclude>
  </ItemGroup>
  <ItemGroup>
    <Image Include="res\shared\textures\ambientcg\Ground063_1K_AmbientOcclusion.jpg">
      <Filter>Resource Files</Filter>
    </Image>
    <Image Include="res\shared\textures\ambientcg\Ground063_1K_Color.jpg">
      <Filter>Resource Files</Filter>
    </Image>
    <Image Include="res\shared\textures\ambientcg\Ground063_1K_Displacement.jpg">
      <Filter>Resource Files</Filter>
    </Image>
    <Image Include="res\shared\textures\ambientcg\Ground063_1K_NormalGL.jpg">
      <Filter>Resource Files</Filter>
    </Image>
    <Image Include="res\shared\textures\ambientcg\Ground063_1K_Roughness.jpg">
      <Filter>Resource Files</Filter>
    </Image>
  </ItemGroup>
</Project>